
Microsoft Visual Studio Solution File, Format Version 12.00
# Visual Studio Version 17
VisualStudioVersion = 17.11.35327.3
MinimumVisualStudioVersion = 10.0.40219.1
Project("{FAE04EC0-301F-11D3-BF4B-00C04F79EFBC}") = "Sistema de citas médicas.", "..\Sistema de citas médicas\Sistema de citas médicas\Sistema de citas médicas..csproj", "{A81D4EFB-4405-48E6-AB8E-4B250408D252}"
EndProject
Global
	GlobalSection(SolutionConfigurationPlatforms) = preSolution
		Debug|Any CPU = Debug|Any CPU
		Release|Any CPU = Release|Any CPU
	EndGlobalSection
	GlobalSection(ProjectConfigurationPlatforms) = postSolution
		{A81D4EFB-4405-48E6-AB8E-4B250408D252}.Debug|Any CPU.ActiveCfg = Debug|Any CPU
		{A81D4EFB-4405-48E6-AB8E-4B250408D252}.Debug|Any CPU.Build.0 = Debug|Any CPU
		{A81D4EFB-4405-48E6-AB8E-4B250408D252}.Release|Any CPU.ActiveCfg = Release|Any CPU
		{A81D4EFB-4405-48E6-AB8E-4B250408D252}.Release|Any CPU.Build.0 = Release|Any CPU
	EndGlobalSection
	GlobalSection(SolutionProperties) = preSolution
		HideSolutionNode = FALSE
	EndGlobalSection
	GlobalSection(ExtensibilityGlobals) = postSolution
		SolutionGuid = {65279B90-0F91-438E-99D6-7A35AF9D34E2}
	EndGlobalSection
EndGlobal
